
Microsoft Visual Studio Solution File, Format Version 12.00
Project("{FAE04EC0-301F-11D3-BF4B-00C04F79EFBC}") = "CIKataFrontEnd.React", "CIKataFrontEnd.React\CIKataFrontEnd.React.csproj", "{38B5CF18-08BD-4B65-B6E4-67B0E5D2BD3C}"
EndProject
Global
	GlobalSection(SolutionConfigurationPlatforms) = preSolution
		Debug|Any CPU = Debug|Any CPU
		Release|Any CPU = Release|Any CPU
	EndGlobalSection
	GlobalSection(ProjectConfigurationPlatforms) = postSolution
		{38B5CF18-08BD-4B65-B6E4-67B0E5D2BD3C}.Debug|Any CPU.ActiveCfg = Debug|Any CPU
		{38B5CF18-08BD-4B65-B6E4-67B0E5D2BD3C}.Debug|Any CPU.Build.0 = Debug|Any CPU
		{38B5CF18-08BD-4B65-B6E4-67B0E5D2BD3C}.Release|Any CPU.ActiveCfg = Release|Any CPU
		{38B5CF18-08BD-4B65-B6E4-67B0E5D2BD3C}.Release|Any CPU.Build.0 = Release|Any CPU
	EndGlobalSection
EndGlobal
